
Microsoft Visual Studio Solution File, Format Version 12.00
# Visual Studio Version 17
VisualStudioVersion = 17.0.31903.59
MinimumVisualStudioVersion = 10.0.40219.1
Project("{2150E333-8FDC-42A3-9474-1A3956D46DE8}") = "src", "src", "{1767C7A0-76C7-443E-8BDE-1F3CC0E45BB6}"
EndProject
Project("{FAE04EC0-301F-11D3-BF4B-00C04F79EFBC}") = "Asn1Kit.Ir", "src\Asn1Kit.Ir\Asn1Kit.Ir.csproj", "{6881BB6D-B9F5-4B58-81F4-AF786FE283D1}"
EndProject
Project("{FAE04EC0-301F-11D3-BF4B-00C04F79EFBC}") = "Asn1Kit.Compiler", "src\Asn1Kit.Compiler\Asn1Kit.Compiler.csproj", "{F1BF4AA2-FD4C-4290-B96A-0299BB91A45E}"
EndProject
Project("{FAE04EC0-301F-11D3-BF4B-00C04F79EFBC}") = "Asn1Kit.Codegen", "src\Asn1Kit.Codegen\Asn1Kit.Codegen.csproj", "{F8898125-B3AE-4940-874D-58F7A4DFCAC0}"
EndProject
Project("{FAE04EC0-301F-11D3-BF4B-00C04F79EFBC}") = "Asn1Kit.Codegen.CSharp", "src\Asn1Kit.Codegen.CSharp\Asn1Kit.Codegen.CSharp.csproj", "{4244B740-6DBC-499C-BED5-562D262F7CAF}"
EndProject
Project("{FAE04EC0-301F-11D3-BF4B-00C04F79EFBC}") = "Asn1Kit.Runtime", "src\Asn1Kit.Runtime\Asn1Kit.Runtime.csproj", "{BE16D3A4-88B6-49CA-8809-BAD036D45C71}"
EndProject
Project("{FAE04EC0-301F-11D3-BF4B-00C04F79EFBC}") = "Asn1Kit.Cli", "src\Asn1Kit.Cli\Asn1Kit.Cli.csproj", "{0C4F4987-C437-45A0-9211-138342B3AF31}"
EndProject
Project("{2150E333-8FDC-42A3-9474-1A3956D46DE8}") = "tests", "tests", "{5751C6D0-5E16-4484-8673-53E9792FC039}"
EndProject
Project("{FAE04EC0-301F-11D3-BF4B-00C04F79EFBC}") = "Asn1Kit.Tests", "tests\Asn1Kit.Tests\Asn1Kit.Tests.csproj", "{B9577034-6C84-4785-A3EA-74B8CEC94290}"
EndProject
Global
	GlobalSection(SolutionConfigurationPlatforms) = preSolution
		Debug|Any CPU = Debug|Any CPU
		Release|Any CPU = Release|Any CPU
	EndGlobalSection
	GlobalSection(SolutionProperties) = preSolution
		HideSolutionNode = FALSE
	EndGlobalSection
	GlobalSection(ProjectConfigurationPlatforms) = postSolution
		{6881BB6D-B9F5-4B58-81F4-AF786FE283D1}.Debug|Any CPU.ActiveCfg = Debug|Any CPU
		{6881BB6D-B9F5-4B58-81F4-AF786FE283D1}.Debug|Any CPU.Build.0 = Debug|Any CPU
		{6881BB6D-B9F5-4B58-81F4-AF786FE283D1}.Release|Any CPU.ActiveCfg = Release|Any CPU
		{6881BB6D-B9F5-4B58-81F4-AF786FE283D1}.Release|Any CPU.Build.0 = Release|Any CPU
		{F1BF4AA2-FD4C-4290-B96A-0299BB91A45E}.Debug|Any CPU.ActiveCfg = Debug|Any CPU
		{F1BF4AA2-FD4C-4290-B96A-0299BB91A45E}.Debug|Any CPU.Build.0 = Debug|Any CPU
		{F1BF4AA2-FD4C-4290-B96A-0299BB91A45E}.Release|Any CPU.ActiveCfg = Release|Any CPU
		{F1BF4AA2-FD4C-4290-B96A-0299BB91A45E}.Release|Any CPU.Build.0 = Release|Any CPU
		{F8898125-B3AE-4940-874D-58F7A4DFCAC0}.Debug|Any CPU.ActiveCfg = Debug|Any CPU
		{F8898125-B3AE-4940-874D-58F7A4DFCAC0}.Debug|Any CPU.Build.0 = Debug|Any CPU
		{F8898125-B3AE-4940-874D-58F7A4DFCAC0}.Release|Any CPU.ActiveCfg = Release|Any CPU
		{F8898125-B3AE-4940-874D-58F7A4DFCAC0}.Release|Any CPU.Build.0 = Release|Any CPU
		{4244B740-6DBC-499C-BED5-562D262F7CAF}.Debug|Any CPU.ActiveCfg = Debug|Any CPU
		{4244B740-6DBC-499C-BED5-562D262F7CAF}.Debug|Any CPU.Build.0 = Debug|Any CPU
		{4244B740-6DBC-499C-BED5-562D262F7CAF}.Release|Any CPU.ActiveCfg = Release|Any CPU
		{4244B740-6DBC-499C-BED5-562D262F7CAF}.Release|Any CPU.Build.0 = Release|Any CPU
		{BE16D3A4-88B6-49CA-8809-BAD036D45C71}.Debug|Any CPU.ActiveCfg = Debug|Any CPU
		{BE16D3A4-88B6-49CA-8809-BAD036D45C71}.Debug|Any CPU.Build.0 = Debug|Any CPU
		{BE16D3A4-88B6-49CA-8809-BAD036D45C71}.Release|Any CPU.ActiveCfg = Release|Any CPU
		{BE16D3A4-88B6-49CA-8809-BAD036D45C71}.Release|Any CPU.Build.0 = Release|Any CPU
		{0C4F4987-C437-45A0-9211-138342B3AF31}.Debug|Any CPU.ActiveCfg = Debug|Any CPU
		{0C4F4987-C437-45A0-9211-138342B3AF31}.Debug|Any CPU.Build.0 = Debug|Any CPU
		{0C4F4987-C437-45A0-9211-138342B3AF31}.Release|Any CPU.ActiveCfg = Release|Any CPU
		{0C4F4987-C437-45A0-9211-138342B3AF31}.Release|Any CPU.Build.0 = Release|Any CPU
		{B9577034-6C84-4785-A3EA-74B8CEC94290}.Debug|Any CPU.ActiveCfg = Debug|Any CPU
		{B9577034-6C84-4785-A3EA-74B8CEC94290}.Debug|Any CPU.Build.0 = Debug|Any CPU
		{B9577034-6C84-4785-A3EA-74B8CEC94290}.Release|Any CPU.ActiveCfg = Release|Any CPU
		{B9577034-6C84-4785-A3EA-74B8CEC94290}.Release|Any CPU.Build.0 = Release|Any CPU
	EndGlobalSection
	GlobalSection(NestedProjects) = preSolution
		{6881BB6D-B9F5-4B58-81F4-AF786FE283D1} = {1767C7A0-76C7-443E-8BDE-1F3CC0E45BB6}
		{F1BF4AA2-FD4C-4290-B96A-0299BB91A45E} = {1767C7A0-76C7-443E-8BDE-1F3CC0E45BB6}
		{F8898125-B3AE-4940-874D-58F7A4DFCAC0} = {1767C7A0-76C7-443E-8BDE-1F3CC0E45BB6}
		{4244B740-6DBC-499C-BED5-562D262F7CAF} = {1767C7A0-76C7-443E-8BDE-1F3CC0E45BB6}
		{BE16D3A4-88B6-49CA-8809-BAD036D45C71} = {1767C7A0-76C7-443E-8BDE-1F3CC0E45BB6}
		{0C4F4987-C437-45A0-9211-138342B3AF31} = {1767C7A0-76C7-443E-8BDE-1F3CC0E45BB6}
		{B9577034-6C84-4785-A3EA-74B8CEC94290} = {5751C6D0-5E16-4484-8673-53E9792FC039}
	EndGlobalSection
EndGlobal
