
Microsoft Visual Studio Solution File, Format Version 12.00
# Visual Studio Version 17
VisualStudioVersion = 17.0.31903.59
MinimumVisualStudioVersion = 10.0.40219.1
Project("{2150E333-8FDC-42A3-9474-1A3956D46DE8}") = "compiler", "compiler", "{1767C7A0-76C7-443E-8BDE-1F3CC0E45BB6}"
EndProject
Project("{2150E333-8FDC-42A3-9474-1A3956D46DE8}") = "src", "src", "{A1B2C3D4-E5F6-7890-ABCD-111111111111}"
EndProject
Project("{2150E333-8FDC-42A3-9474-1A3956D46DE8}") = "tests", "tests", "{A1B2C3D4-E5F6-7890-ABCD-222222222222}"
EndProject
Project("{FAE04EC0-301F-11D3-BF4B-00C04F79EFBC}") = "Asn1Kit.Ir", "compiler\src\Asn1Kit.Ir\Asn1Kit.Ir.csproj", "{6881BB6D-B9F5-4B58-81F4-AF786FE283D1}"
EndProject
Project("{FAE04EC0-301F-11D3-BF4B-00C04F79EFBC}") = "Asn1Kit.Compiler", "compiler\src\Asn1Kit.Compiler\Asn1Kit.Compiler.csproj", "{F1BF4AA2-FD4C-4290-B96A-0299BB91A45E}"
EndProject
Project("{FAE04EC0-301F-11D3-BF4B-00C04F79EFBC}") = "Asn1Kit.Codegen", "compiler\src\Asn1Kit.Codegen\Asn1Kit.Codegen.csproj", "{F8898125-B3AE-4940-874D-58F7A4DFCAC0}"
EndProject
Project("{FAE04EC0-301F-11D3-BF4B-00C04F79EFBC}") = "Asn1Kit.Codegen.CSharp", "compiler\src\Asn1Kit.Codegen.CSharp\Asn1Kit.Codegen.CSharp.csproj", "{4244B740-6DBC-499C-BED5-562D262F7CAF}"
EndProject
Project("{FAE04EC0-301F-11D3-BF4B-00C04F79EFBC}") = "Asn1Kit.Cli", "compiler\src\Asn1Kit.Cli\Asn1Kit.Cli.csproj", "{0C4F4987-C437-45A0-9211-138342B3AF31}"
EndProject
Project("{FAE04EC0-301F-11D3-BF4B-00C04F79EFBC}") = "Asn1Kit.Compiler.Tests", "compiler\tests\Asn1Kit.Compiler.Tests\Asn1Kit.Compiler.Tests.csproj", "{B9577034-6C84-4785-A3EA-74B8CEC94290}"
EndProject
Project("{2150E333-8FDC-42A3-9474-1A3956D46DE8}") = "runtime-csharp", "runtime-csharp", "{5751C6D0-5E16-4484-8673-53E9792FC039}"
EndProject
Project("{2150E333-8FDC-42A3-9474-1A3956D46DE8}") = "src", "src", "{A1B2C3D4-E5F6-7890-ABCD-333333333333}"
EndProject
Project("{2150E333-8FDC-42A3-9474-1A3956D46DE8}") = "tests", "tests", "{A1B2C3D4-E5F6-7890-ABCD-444444444444}"
EndProject
Project("{FAE04EC0-301F-11D3-BF4B-00C04F79EFBC}") = "Asn1Kit.Runtime", "runtime-csharp\src\Asn1Kit.Runtime\Asn1Kit.Runtime.csproj", "{BE16D3A4-88B6-49CA-8809-BAD036D45C71}"
EndProject
Project("{FAE04EC0-301F-11D3-BF4B-00C04F79EFBC}") = "Asn1Kit.Runtime.Tests", "runtime-csharp\tests\Asn1Kit.Runtime.Tests\Asn1Kit.Runtime.Tests.csproj", "{C1D2E3F4-A5B6-4785-A3EA-74B8CEC94291}"
EndProject
Project("{2150E333-8FDC-42A3-9474-1A3956D46DE8}") = "generated", "generated", "{140065E7-CF0B-402E-8BF6-365E4F85DA98}"
EndProject
Project("{FAE04EC0-301F-11D3-BF4B-00C04F79EFBC}") = "Asn1Kit.Pkix", "runtime-csharp\generated\Asn1Kit.Pkix\Asn1Kit.Pkix.csproj", "{DC86C688-C29A-437B-ACFF-6762B18AFEC9}"
EndProject
Global
	GlobalSection(SolutionConfigurationPlatforms) = preSolution
		Debug|Any CPU = Debug|Any CPU
		Release|Any CPU = Release|Any CPU
	EndGlobalSection
	GlobalSection(SolutionProperties) = preSolution
		HideSolutionNode = FALSE
	EndGlobalSection
	GlobalSection(ProjectConfigurationPlatforms) = postSolution
		{6881BB6D-B9F5-4B58-81F4-AF786FE283D1}.Debug|Any CPU.ActiveCfg = Debug|Any CPU
		{6881BB6D-B9F5-4B58-81F4-AF786FE283D1}.Debug|Any CPU.Build.0 = Debug|Any CPU
		{6881BB6D-B9F5-4B58-81F4-AF786FE283D1}.Release|Any CPU.ActiveCfg = Release|Any CPU
		{6881BB6D-B9F5-4B58-81F4-AF786FE283D1}.Release|Any CPU.Build.0 = Release|Any CPU
		{F1BF4AA2-FD4C-4290-B96A-0299BB91A45E}.Debug|Any CPU.ActiveCfg = Debug|Any CPU
		{F1BF4AA2-FD4C-4290-B96A-0299BB91A45E}.Debug|Any CPU.Build.0 = Debug|Any CPU
		{F1BF4AA2-FD4C-4290-B96A-0299BB91A45E}.Release|Any CPU.ActiveCfg = Release|Any CPU
		{F1BF4AA2-FD4C-4290-B96A-0299BB91A45E}.Release|Any CPU.Build.0 = Release|Any CPU
		{F8898125-B3AE-4940-874D-58F7A4DFCAC0}.Debug|Any CPU.ActiveCfg = Debug|Any CPU
		{F8898125-B3AE-4940-874D-58F7A4DFCAC0}.Debug|Any CPU.Build.0 = Debug|Any CPU
		{F8898125-B3AE-4940-874D-58F7A4DFCAC0}.Release|Any CPU.ActiveCfg = Release|Any CPU
		{F8898125-B3AE-4940-874D-58F7A4DFCAC0}.Release|Any CPU.Build.0 = Release|Any CPU
		{4244B740-6DBC-499C-BED5-562D262F7CAF}.Debug|Any CPU.ActiveCfg = Debug|Any CPU
		{4244B740-6DBC-499C-BED5-562D262F7CAF}.Debug|Any CPU.Build.0 = Debug|Any CPU
		{4244B740-6DBC-499C-BED5-562D262F7CAF}.Release|Any CPU.ActiveCfg = Release|Any CPU
		{4244B740-6DBC-499C-BED5-562D262F7CAF}.Release|Any CPU.Build.0 = Release|Any CPU
		{0C4F4987-C437-45A0-9211-138342B3AF31}.Debug|Any CPU.ActiveCfg = Debug|Any CPU
		{0C4F4987-C437-45A0-9211-138342B3AF31}.Debug|Any CPU.Build.0 = Debug|Any CPU
		{0C4F4987-C437-45A0-9211-138342B3AF31}.Release|Any CPU.ActiveCfg = Release|Any CPU
		{0C4F4987-C437-45A0-9211-138342B3AF31}.Release|Any CPU.Build.0 = Release|Any CPU
		{B9577034-6C84-4785-A3EA-74B8CEC94290}.Debug|Any CPU.ActiveCfg = Debug|Any CPU
		{B9577034-6C84-4785-A3EA-74B8CEC94290}.Debug|Any CPU.Build.0 = Debug|Any CPU
		{B9577034-6C84-4785-A3EA-74B8CEC94290}.Release|Any CPU.ActiveCfg = Release|Any CPU
		{B9577034-6C84-4785-A3EA-74B8CEC94290}.Release|Any CPU.Build.0 = Release|Any CPU
		{BE16D3A4-88B6-49CA-8809-BAD036D45C71}.Debug|Any CPU.ActiveCfg = Debug|Any CPU
		{BE16D3A4-88B6-49CA-8809-BAD036D45C71}.Debug|Any CPU.Build.0 = Debug|Any CPU
		{BE16D3A4-88B6-49CA-8809-BAD036D45C71}.Release|Any CPU.ActiveCfg = Release|Any CPU
		{BE16D3A4-88B6-49CA-8809-BAD036D45C71}.Release|Any CPU.Build.0 = Release|Any CPU
		{C1D2E3F4-A5B6-4785-A3EA-74B8CEC94291}.Debug|Any CPU.ActiveCfg = Debug|Any CPU
		{C1D2E3F4-A5B6-4785-A3EA-74B8CEC94291}.Debug|Any CPU.Build.0 = Debug|Any CPU
		{C1D2E3F4-A5B6-4785-A3EA-74B8CEC94291}.Release|Any CPU.ActiveCfg = Release|Any CPU
		{C1D2E3F4-A5B6-4785-A3EA-74B8CEC94291}.Release|Any CPU.Build.0 = Release|Any CPU
		{DC86C688-C29A-437B-ACFF-6762B18AFEC9}.Debug|Any CPU.ActiveCfg = Debug|Any CPU
		{DC86C688-C29A-437B-ACFF-6762B18AFEC9}.Debug|Any CPU.Build.0 = Debug|Any CPU
		{DC86C688-C29A-437B-ACFF-6762B18AFEC9}.Release|Any CPU.ActiveCfg = Release|Any CPU
		{DC86C688-C29A-437B-ACFF-6762B18AFEC9}.Release|Any CPU.Build.0 = Release|Any CPU
	EndGlobalSection
	GlobalSection(NestedProjects) = preSolution
		{A1B2C3D4-E5F6-7890-ABCD-111111111111} = {1767C7A0-76C7-443E-8BDE-1F3CC0E45BB6}
		{A1B2C3D4-E5F6-7890-ABCD-222222222222} = {1767C7A0-76C7-443E-8BDE-1F3CC0E45BB6}
		{6881BB6D-B9F5-4B58-81F4-AF786FE283D1} = {A1B2C3D4-E5F6-7890-ABCD-111111111111}
		{F1BF4AA2-FD4C-4290-B96A-0299BB91A45E} = {A1B2C3D4-E5F6-7890-ABCD-111111111111}
		{F8898125-B3AE-4940-874D-58F7A4DFCAC0} = {A1B2C3D4-E5F6-7890-ABCD-111111111111}
		{4244B740-6DBC-499C-BED5-562D262F7CAF} = {A1B2C3D4-E5F6-7890-ABCD-111111111111}
		{0C4F4987-C437-45A0-9211-138342B3AF31} = {A1B2C3D4-E5F6-7890-ABCD-111111111111}
		{B9577034-6C84-4785-A3EA-74B8CEC94290} = {A1B2C3D4-E5F6-7890-ABCD-222222222222}
		{A1B2C3D4-E5F6-7890-ABCD-333333333333} = {5751C6D0-5E16-4484-8673-53E9792FC039}
		{A1B2C3D4-E5F6-7890-ABCD-444444444444} = {5751C6D0-5E16-4484-8673-53E9792FC039}
		{BE16D3A4-88B6-49CA-8809-BAD036D45C71} = {A1B2C3D4-E5F6-7890-ABCD-333333333333}
		{C1D2E3F4-A5B6-4785-A3EA-74B8CEC94291} = {A1B2C3D4-E5F6-7890-ABCD-444444444444}
		{140065E7-CF0B-402E-8BF6-365E4F85DA98} = {5751C6D0-5E16-4484-8673-53E9792FC039}
		{DC86C688-C29A-437B-ACFF-6762B18AFEC9} = {140065E7-CF0B-402E-8BF6-365E4F85DA98}
	EndGlobalSection
EndGlobal
